// !$*UTF8*$!
{
	archiveVersion = 1;
	classes = {
	};
	objectVersion = 56;
	objects = {

/* Begin PBXBuildFile section */
		84E1CE022AEAE080003461AF /* TodoAppUsingCoreDataSwiftUIApp.swift in Sources */ = {isa = PBXBuildFile; fileRef = 84E1CE012AEAE080003461AF /* TodoAppUsingCoreDataSwiftUIApp.swift */; };
		84E1CE042AEAE080003461AF /* ContentView.swift in Sources */ = {isa = PBXBuildFile; fileRef = 84E1CE032AEAE080003461AF /* ContentView.swift */; };
		84E1CE062AEAE081003461AF /* Assets.xcassets in Resources */ = {isa = PBXBuildFile; fileRef = 84E1CE052AEAE081003461AF /* Assets.xcassets */; };
		84E1CE092AEAE081003461AF /* Preview Assets.xcassets in Resources */ = {isa = PBXBuildFile; fileRef = 84E1CE082AEAE081003461AF /* Preview Assets.xcassets */; };
		84E1CE112AEAE0A7003461AF /* TodoModel.xcdatamodeld in Sources */ = {isa = PBXBuildFile; fileRef = 84E1CE0F2AEAE0A7003461AF /* TodoModel.xcdatamodeld */; };
		84E1CE142AEAE29D003461AF /* CoreDataProviders.swift in Sources */ = {isa = PBXBuildFile; fileRef = 84E1CE132AEAE29D003461AF /* CoreDataProviders.swift */; };
		84E1CE172AEAE35F003461AF /* String+Extensions.swift in Sources */ = {isa = PBXBuildFile; fileRef = 84E1CE162AEAE35F003461AF /* String+Extensions.swift */; };
/* End PBXBuildFile section */

/* Begin PBXFileReference section */
		84E1CDFE2AEAE080003461AF /* TodoAppUsingCoreDataSwiftUI.app */ = {isa = PBXFileReference; explicitFileType = wrapper.application; includeInIndex = 0; path = TodoAppUsingCoreDataSwiftUI.app; sourceTree = BUILT_PRODUCTS_DIR; };
		84E1CE012AEAE080003461AF /* TodoAppUsingCoreDataSwiftUIApp.swift */ = {isa = PBXFileReference; lastKnownFileType = sourcecode.swift; path = TodoAppUsingCoreDataSwiftUIApp.swift; sourceTree = "<group>"; };
		84E1CE032AEAE080003461AF /* ContentView.swift */ = {isa = PBXFileReference; lastKnownFileType = sourcecode.swift; path = ContentView.swift; sourceTree = "<group>"; };
		84E1CE052AEAE081003461AF /* Assets.xcassets */ = {isa = PBXFileReference; lastKnownFileType = folder.assetcatalog; path = Assets.xcassets; sourceTree = "<group>"; };
		84E1CE082AEAE081003461AF /* Preview Assets.xcassets */ = {isa = PBXFileReference; lastKnownFileType = folder.assetcatalog; path = "Preview Assets.xcassets"; sourceTree = "<group>"; };
		84E1CE102AEAE0A7003461AF /* TodoModel.xcdatamodel */ = {isa = PBXFileReference; lastKnownFileType = wrapper.xcdatamodel; path = TodoModel.xcdatamodel; sourceTree = "<group>"; };
		84E1CE132AEAE29D003461AF /* CoreDataProviders.swift */ = {isa = PBXFileReference; lastKnownFileType = sourcecode.swift; path = CoreDataProviders.swift; sourceTree = "<group>"; };
		84E1CE162AEAE35F003461AF /* String+Extensions.swift */ = {isa = PBXFileReference; lastKnownFileType = sourcecode.swift; path = "String+Extensions.swift"; sourceTree = "<group>"; };
/* End PBXFileReference section */

/* Begin PBXFrameworksBuildPhase section */
		84E1CDFB2AEAE080003461AF /* Frameworks */ = {
			isa = PBXFrameworksBuildPhase;
			buildActionMask = 2147483647;
			files = (
			);
			runOnlyForDeploymentPostprocessing = 0;
		};
/* End PBXFrameworksBuildPhase section */

/* Begin PBXGroup section */
		84E1CDF52AEAE080003461AF = {
			isa = PBXGroup;
			children = (
				84E1CE002AEAE080003461AF /* TodoAppUsingCoreDataSwiftUI */,
				84E1CDFF2AEAE080003461AF /* Products */,
			);
			sourceTree = "<group>";
		};
		84E1CDFF2AEAE080003461AF /* Products */ = {
			isa = PBXGroup;
			children = (
				84E1CDFE2AEAE080003461AF /* TodoAppUsingCoreDataSwiftUI.app */,
			);
			name = Products;
			sourceTree = "<group>";
		};
		84E1CE002AEAE080003461AF /* TodoAppUsingCoreDataSwiftUI */ = {
			isa = PBXGroup;
			children = (
				84E1CE152AEAE33D003461AF /* Extensions */,
				84E1CE122AEAE27F003461AF /* Providers */,
				84E1CE012AEAE080003461AF /* TodoAppUsingCoreDataSwiftUIApp.swift */,
				84E1CE032AEAE080003461AF /* ContentView.swift */,
				84E1CE052AEAE081003461AF /* Assets.xcassets */,
				84E1CE072AEAE081003461AF /* Preview Content */,
				84E1CE0F2AEAE0A7003461AF /* TodoModel.xcdatamodeld */,
			);
			path = TodoAppUsingCoreDataSwiftUI;
			sourceTree = "<group>";
		};
		84E1CE072AEAE081003461AF /* Preview Content */ = {
			isa = PBXGroup;
			children = (
				84E1CE082AEAE081003461AF /* Preview Assets.xcassets */,
			);
			path = "Preview Content";
			sourceTree = "<group>";
		};
		84E1CE122AEAE27F003461AF /* Providers */ = {
			isa = PBXGroup;
			children = (
				84E1CE132AEAE29D003461AF /* CoreDataProviders.swift */,
			);
			path = Providers;
			sourceTree = "<group>";
		};
		84E1CE152AEAE33D003461AF /* Extensions */ = {
			isa = PBXGroup;
			children = (
				84E1CE162AEAE35F003461AF /* String+Extensions.swift */,
			);
			path = Extensions;
			sourceTree = "<group>";
		};
/* End PBXGroup section */

/* Begin PBXNativeTarget section */
		84E1CDFD2AEAE080003461AF /* TodoAppUsingCoreDataSwiftUI */ = {
			isa = PBXNativeTarget;
			buildConfigurationList = 84E1CE0C2AEAE081003461AF /* Build configuration list for PBXNativeTarget "TodoAppUsingCoreDataSwiftUI" */;
			buildPhases = (
				84E1CDFA2AEAE080003461AF /* Sources */,
				84E1CDFB2AEAE080003461AF /* Frameworks */,
				84E1CDFC2AEAE080003461AF /* Resources */,
			);
			buildRules = (
			);
			dependencies = (
			);
			name = TodoAppUsingCoreDataSwiftUI;
			productName = TodoAppUsingCoreDataSwiftUI;
			productReference = 84E1CDFE2AEAE080003461AF /* TodoAppUsingCoreDataSwiftUI.app */;
			productType = "com.apple.product-type.application";
		};
/* End PBXNativeTarget section */

/* Begin PBXProject section */
		84E1CDF62AEAE080003461AF /* Project object */ = {
			isa = PBXProject;
			attributes = {
				BuildIndependentTargetsInParallel = 1;
				LastSwiftUpdateCheck = 1500;
				LastUpgradeCheck = 1500;
				TargetAttributes = {
					84E1CDFD2AEAE080003461AF = {
						CreatedOnToolsVersion = 15.0;
					};
				};
			};
			buildConfigurationList = 84E1CDF92AEAE080003461AF /* Build configuration list for PBXProject "TodoAppUsingCoreDataSwiftUI" */;
			compatibilityVersion = "Xcode 14.0";
			developmentRegion = en;
			hasScannedForEncodings = 0;
			knownRegions = (
				en,
				Base,
			);
			mainGroup = 84E1CDF52AEAE080003461AF;
			productRefGroup = 84E1CDFF2AEAE080003461AF /* Products */;
			projectDirPath = "";
			projectRoot = "";
			targets = (
				84E1CDFD2AEAE080003461AF /* TodoAppUsingCoreDataSwiftUI */,
			);
		};
/* End PBXProject section */

/* Begin PBXResourcesBuildPhase section */
		84E1CDFC2AEAE080003461AF /* Resources */ = {
			isa = PBXResourcesBuildPhase;
			buildActionMask = 2147483647;
			files = (
				84E1CE092AEAE081003461AF /* Preview Assets.xcassets in Resources */,
				84E1CE062AEAE081003461AF /* Assets.xcassets in Resources */,
			);
			runOnlyForDeploymentPostprocessing = 0;
		};
/* End PBXResourcesBuildPhase section */

/* Begin PBXSourcesBuildPhase section */
		84E1CDFA2AEAE080003461AF /* Sources */ = {
			isa = PBXSourcesBuildPhase;
			buildActionMask = 2147483647;
			files = (
				84E1CE172AEAE35F003461AF /* String+Extensions.swift in Sources */,
				84E1CE042AEAE080003461AF /* ContentView.swift in Sources */,
				84E1CE112AEAE0A7003461AF /* TodoModel.xcdatamodeld in Sources */,
				84E1CE022AEAE080003461AF /* TodoAppUsingCoreDataSwiftUIApp.swift in Sources */,
				84E1CE142AEAE29D003461AF /* CoreDataProviders.swift in Sources */,
			);
			runOnlyForDeploymentPostprocessing = 0;
		};
/* End PBXSourcesBuildPhase section */

/* Begin XCBuildConfiguration section */
		84E1CE0A2AEAE081003461AF /* Debug */ = {
			isa = XCBuildConfiguration;
			buildSettings = {
				ALWAYS_SEARCH_USER_PATHS = NO;
				ASSETCATALOG_COMPILER_GENERATE_SWIFT_ASSET_SYMBOL_EXTENSIONS = YES;
				CLANG_ANALYZER_NONNULL = YES;
				CLANG_ANALYZER_NUMBER_OBJECT_CONVERSION = YES_AGGRESSIVE;
				CLANG_CXX_LANGUAGE_STANDARD = "gnu++20";
				CLANG_ENABLE_MODULES = YES;
				CLANG_ENABLE_OBJC_ARC = YES;
				CLANG_ENABLE_OBJC_WEAK = YES;
				CLANG_WARN_BLOCK_CAPTURE_AUTORELEASING = YES;
				CLANG_WARN_BOOL_CONVERSION = YES;
				CLANG_WARN_COMMA = YES;
				CLANG_WARN_CONSTANT_CONVERSION = YES;
				CLANG_WARN_DEPRECATED_OBJC_IMPLEMENTATIONS = YES;
				CLANG_WARN_DIRECT_OBJC_ISA_USAGE = YES_ERROR;
				CLANG_WARN_DOCUMENTATION_COMMENTS = YES;
				CLANG_WARN_EMPTY_BODY = YES;
				CLANG_WARN_ENUM_CONVERSION = YES;
				CLANG_WARN_INFINITE_RECURSION = YES;
				CLANG_WARN_INT_CONVERSION = YES;
				CLANG_WARN_NON_LITERAL_NULL_CONVERSION = YES;
				CLANG_WARN_OBJC_IMPLICIT_RETAIN_SELF = YES;
				CLANG_WARN_OBJC_LITERAL_CONVERSION = YES;
				CLANG_WARN_OBJC_ROOT_CLASS = YES_ERROR;
				CLANG_WARN_QUOTED_INCLUDE_IN_FRAMEWORK_HEADER = YES;
				CLANG_WARN_RANGE_LOOP_ANALYSIS = YES;
				CLANG_WARN_STRICT_PROTOTYPES = YES;
				CLANG_WARN_SUSPICIOUS_MOVE = YES;
				CLANG_WARN_UNGUARDED_AVAILABILITY = YES_AGGRESSIVE;
				CLANG_WARN_UNREACHABLE_CODE = YES;
				CLANG_WARN__DUPLICATE_METHOD_MATCH = YES;
				COPY_PHASE_STRIP = NO;
				DEBUG_INFORMATION_FORMAT = dwarf;
				ENABLE_STRICT_OBJC_MSGSEND = YES;
				ENABLE_TESTABILITY = YES;
				ENABLE_USER_SCRIPT_SANDBOXING = YES;
				GCC_C_LANGUAGE_STANDARD = gnu17;
				GCC_DYNAMIC_NO_PIC = NO;
				GCC_NO_COMMON_BLOCKS = YES;
				GCC_OPTIMIZATION_LEVEL = 0;
				GCC_PREPROCESSOR_DEFINITIONS = (
					"DEBUG=1",
					"$(inherited)",
				);
				GCC_WARN_64_TO_32_BIT_CONVERSION = YES;
				GCC_WARN_ABOUT_RETURN_TYPE = YES_ERROR;
				GCC_WARN_UNDECLARED_SELECTOR = YES;
				GCC_WARN_UNINITIALIZED_AUTOS = YES_AGGRESSIVE;
				GCC_WARN_UNUSED_FUNCTION = YES;
				GCC_WARN_UNUSED_VARIABLE = YES;
				IPHONEOS_DEPLOYMENT_TARGET = 17.0;
				LOCALIZATION_PREFERS_STRING_CATALOGS = YES;
				MTL_ENABLE_DEBUG_INFO = INCLUDE_SOURCE;
				MTL_FAST_MATH = YES;
				ONLY_ACTIVE_ARCH = YES;
				SDKROOT = iphoneos;
				SWIFT_ACTIVE_COMPILATION_CONDITIONS = "DEBUG $(inherited)";
				SWIFT_OPTIMIZATION_LEVEL = "-Onone";
			};
			name = Debug;
		};
		84E1CE0B2AEAE081003461AF /* Release */ = {
			isa = XCBuildConfiguration;
			buildSettings = {
				ALWAYS_SEARCH_USER_PATHS = NO;
				ASSETCATALOG_COMPILER_GENERATE_SWIFT_ASSET_SYMBOL_EXTENSIONS = YES;
				CLANG_ANALYZER_NONNULL = YES;
				CLANG_ANALYZER_NUMBER_OBJECT_CONVERSION = YES_AGGRESSIVE;
				CLANG_CXX_LANGUAGE_STANDARD = "gnu++20";
				CLANG_ENABLE_MODULES = YES;
				CLANG_ENABLE_OBJC_ARC = YES;
				CLANG_ENABLE_OBJC_WEAK = YES;
				CLANG_WARN_BLOCK_CAPTURE_AUTORELEASING = YES;
				CLANG_WARN_BOOL_CONVERSION = YES;
				CLANG_WARN_COMMA = YES;
				CLANG_WARN_CONSTANT_CONVERSION = YES;
				CLANG_WARN_DEPRECATED_OBJC_IMPLEMENTATIONS = YES;
				CLANG_WARN_DIRECT_OBJC_ISA_USAGE = YES_ERROR;
				CLANG_WARN_DOCUMENTATION_COMMENTS = YES;
				CLANG_WARN_EMPTY_BODY = YES;
				CLANG_WARN_ENUM_CONVERSION = YES;
				CLANG_WARN_INFINITE_RECURSION = YES;
				CLANG_WARN_INT_CONVERSION = YES;
				CLANG_WARN_NON_LITERAL_NULL_CONVERSION = YES;
				CLANG_WARN_OBJC_IMPLICIT_RETAIN_SELF = YES;
				CLANG_WARN_OBJC_LITERAL_CONVERSION = YES;
				CLANG_WARN_OBJC_ROOT_CLASS = YES_ERROR;
				CLANG_WARN_QUOTED_INCLUDE_IN_FRAMEWORK_HEADER = YES;
				CLANG_WARN_RANGE_LOOP_ANALYSIS = YES;
				CLANG_WARN_STRICT_PROTOTYPES = YES;
				CLANG_WARN_SUSPICIOUS_MOVE = YES;
				CLANG_WARN_UNGUARDED_AVAILABILITY = YES_AGGRESSIVE;
				CLANG_WARN_UNREACHABLE_CODE = YES;
				CLANG_WARN__DUPLICATE_METHOD_MATCH = YES;
				COPY_PHASE_STRIP = NO;
				DEBUG_INFORMATION_FORMAT = "dwarf-with-dsym";
				ENABLE_NS_ASSERTIONS = NO;
				ENABLE_STRICT_OBJC_MSGSEND = YES;
				ENABLE_USER_SCRIPT_SANDBOXING = YES;
				GCC_C_LANGUAGE_STANDARD = gnu17;
				GCC_NO_COMMON_BLOCKS = YES;
				GCC_WARN_64_TO_32_BIT_CONVERSION = YES;
				GCC_WARN_ABOUT_RETURN_TYPE = YES_ERROR;
				GCC_WARN_UNDECLARED_SELECTOR = YES;
				GCC_WARN_UNINITIALIZED_AUTOS = YES_AGGRESSIVE;
				GCC_WARN_UNUSED_FUNCTION = YES;
				GCC_WARN_UNUSED_VARIABLE = YES;
				IPHONEOS_DEPLOYMENT_TARGET = 17.0;
				LOCALIZATION_PREFERS_STRING_CATALOGS = YES;
				MTL_ENABLE_DEBUG_INFO = NO;
				MTL_FAST_MATH = YES;
				SDKROOT = iphoneos;
				SWIFT_COMPILATION_MODE = wholemodule;
				VALIDATE_PRODUCT = YES;
			};
			name = Release;
		};
		84E1CE0D2AEAE081003461AF /* Debug */ = {
			isa = XCBuildConfiguration;
			buildSettings = {
				ASSETCATALOG_COMPILER_APPICON_NAME = AppIcon;
				ASSETCATALOG_COMPILER_GLOBAL_ACCENT_COLOR_NAME = AccentColor;
				CODE_SIGN_STYLE = Automatic;
				CURRENT_PROJECT_VERSION = 1;
				DEVELOPMENT_ASSET_PATHS = "\"TodoAppUsingCoreDataSwiftUI/Preview Content\"";
				ENABLE_PREVIEWS = YES;
				GENERATE_INFOPLIST_FILE = YES;
				INFOPLIST_KEY_UIApplicationSceneManifest_Generation = YES;
				INFOPLIST_KEY_UIApplicationSupportsIndirectInputEvents = YES;
				INFOPLIST_KEY_UILaunchScreen_Generation = YES;
				INFOPLIST_KEY_UISupportedInterfaceOrientations_iPad = "UIInterfaceOrientationPortrait UIInterfaceOrientationPortraitUpsideDown UIInterfaceOrientationLandscapeLeft UIInterfaceOrientationLandscapeRight";
				INFOPLIST_KEY_UISupportedInterfaceOrientations_iPhone = "UIInterfaceOrientationPortrait UIInterfaceOrientationLandscapeLeft UIInterfaceOrientationLandscapeRight";
				LD_RUNPATH_SEARCH_PATHS = (
					"$(inherited)",
					"@executable_path/Frameworks",
				);
				MARKETING_VERSION = 1.0;
				PRODUCT_BUNDLE_IDENTIFIER = com.ri.TodoAppUsingCoreDataSwiftUI;
				PRODUCT_NAME = "$(TARGET_NAME)";
				SWIFT_EMIT_LOC_STRINGS = YES;
				SWIFT_VERSION = 5.0;
				TARGETED_DEVICE_FAMILY = "1,2";
			};
			name = Debug;
		};
		84E1CE0E2AEAE081003461AF /* Release */ = {
			isa = XCBuildConfiguration;
			buildSettings = {
				ASSETCATALOG_COMPILER_APPICON_NAME = AppIcon;
				ASSETCATALOG_COMPILER_GLOBAL_ACCENT_COLOR_NAME = AccentColor;
				CODE_SIGN_STYLE = Automatic;
				CURRENT_PROJECT_VERSION = 1;
				DEVELOPMENT_ASSET_PATHS = "\"TodoAppUsingCoreDataSwiftUI/Preview Content\"";
				ENABLE_PREVIEWS = YES;
				GENERATE_INFOPLIST_FILE = YES;
				INFOPLIST_KEY_UIApplicationSceneManifest_Generation = YES;
				INFOPLIST_KEY_UIApplicationSupportsIndirectInputEvents = YES;
				INFOPLIST_KEY_UILaunchScreen_Generation = YES;
				INFOPLIST_KEY_UISupportedInterfaceOrientations_iPad = "UIInterfaceOrientationPortrait UIInterfaceOrientationPortraitUpsideDown UIInterfaceOrientationLandscapeLeft UIInterfaceOrientationLandscapeRight";
				INFOPLIST_KEY_UISupportedInterfaceOrientations_iPhone = "UIInterfaceOrientationPortrait UIInterfaceOrientationLandscapeLeft UIInterfaceOrientationLandscapeRight";
				LD_RUNPATH_SEARCH_PATHS = (
					"$(inherited)",
					"@executable_path/Frameworks",
				);
				MARKETING_VERSION = 1.0;
				PRODUCT_BUNDLE_IDENTIFIER = com.ri.TodoAppUsingCoreDataSwiftUI;
				PRODUCT_NAME = "$(TARGET_NAME)";
				SWIFT_EMIT_LOC_STRINGS = YES;
				SWIFT_VERSION = 5.0;
				TARGETED_DEVICE_FAMILY = "1,2";
			};
			name = Release;
		};
/* End XCBuildConfiguration section */

/* Begin XCConfigurationList section */
		84E1CDF92AEAE080003461AF /* Build configuration list for PBXProject "TodoAppUsingCoreDataSwiftUI" */ = {
			isa = XCConfigurationList;
			buildConfigurations = (
				84E1CE0A2AEAE081003461AF /* Debug */,
				84E1CE0B2AEAE081003461AF /* Release */,
			);
			defaultConfigurationIsVisible = 0;
			defaultConfigurationName = Release;
		};
		84E1CE0C2AEAE081003461AF /* Build configuration list for PBXNativeTarget "TodoAppUsingCoreDataSwiftUI" */ = {
			isa = XCConfigurationList;
			buildConfigurations = (
				84E1CE0D2AEAE081003461AF /* Debug */,
				84E1CE0E2AEAE081003461AF /* Release */,
			);
			defaultConfigurationIsVisible = 0;
			defaultConfigurationName = Release;
		};
/* End XCConfigurationList section */

/* Begin XCVersionGroup section */
		84E1CE0F2AEAE0A7003461AF /* TodoModel.xcdatamodeld */ = {
			isa = XCVersionGroup;
			children = (
				84E1CE102AEAE0A7003461AF /* TodoModel.xcdatamodel */,
			);
			currentVersion = 84E1CE102AEAE0A7003461AF /* TodoModel.xcdatamodel */;
			path = TodoModel.xcdatamodeld;
			sourceTree = "<group>";
			versionGroupType = wrapper.xcdatamodel;
		};
/* End XCVersionGroup section */
	};
	rootObject = 84E1CDF62AEAE080003461AF /* Project object */;
}
